// !$*UTF8*$!
{
	archiveVersion = 1;
	classes = {
	};
	objectVersion = 45;
	objects = {

/* Begin PBXBuildFile section */
		1D3623260D0F684500981E51 /* GlutenFreeNSWAppDelegate.m in Sources */ = {isa = PBXBuildFile; fileRef = 1D3623250D0F684500981E51 /* GlutenFreeNSWAppDelegate.m */; };
		1D60589B0D05DD56006BFB54 /* main.m in Sources */ = {isa = PBXBuildFile; fileRef = 29B97316FDCFA39411CA2CEA /* main.m */; };
		1D60589F0D05DD5A006BFB54 /* Foundation.framework in Frameworks */ = {isa = PBXBuildFile; fileRef = 1D30AB110D05D00D00671497 /* Foundation.framework */; };
		1DF5F4E00D08C38300B7A737 /* UIKit.framework in Frameworks */ = {isa = PBXBuildFile; fileRef = 1DF5F4DF0D08C38300B7A737 /* UIKit.framework */; };
		2892E4100DC94CBA00A64D0F /* CoreGraphics.framework in Frameworks */ = {isa = PBXBuildFile; fileRef = 2892E40F0DC94CBA00A64D0F /* CoreGraphics.framework */; };
		28AD73600D9D9599002E5188 /* MainWindow.xib in Resources */ = {isa = PBXBuildFile; fileRef = 28AD735F0D9D9599002E5188 /* MainWindow.xib */; };
		A22FCA91130F32DE00FA6BCB /* libGoogleAnalytics.a in Frameworks */ = {isa = PBXBuildFile; fileRef = A22FCA90130F32DD00FA6BCB /* libGoogleAnalytics.a */; };
		A22FCABF130F343100FA6BCB /* CFNetwork.framework in Frameworks */ = {isa = PBXBuildFile; fileRef = A22FCAA8130F33F500FA6BCB /* CFNetwork.framework */; };
		A231B591107CC0B6003263C3 /* RetrieveGPSLocation.xib in Resources */ = {isa = PBXBuildFile; fileRef = A231B590107CC0B6003263C3 /* RetrieveGPSLocation.xib */; };
		A231B596107CC240003263C3 /* RetrieveGPSLocationController.m in Sources */ = {isa = PBXBuildFile; fileRef = A231B595107CC240003263C3 /* RetrieveGPSLocationController.m */; };
		A231B61B107CCCE2003263C3 /* CoreLocation.framework in Frameworks */ = {isa = PBXBuildFile; fileRef = A231B61A107CCCE2003263C3 /* CoreLocation.framework */; };
		A231B662107CD030003263C3 /* MapKit.framework in Frameworks */ = {isa = PBXBuildFile; fileRef = A231B661107CD030003263C3 /* MapKit.framework */; };
		A231B7B6107DECA2003263C3 /* LocationRepository.m in Sources */ = {isa = PBXBuildFile; fileRef = A231B7B5107DECA2003263C3 /* LocationRepository.m */; };
		A231B904107E13AB003263C3 /* MapList.xib in Resources */ = {isa = PBXBuildFile; fileRef = A231B903107E13AB003263C3 /* MapList.xib */; };
		A231B909107E13FF003263C3 /* MapListController.m in Sources */ = {isa = PBXBuildFile; fileRef = A231B908107E13FF003263C3 /* MapListController.m */; };
		A231B997107E1DC1003263C3 /* MapAnnotation.m in Sources */ = {isa = PBXBuildFile; fileRef = A231B996107E1DC1003263C3 /* MapAnnotation.m */; };
		A2348D8F10A05B76003CC54A /* RestaurantMap.xib in Resources */ = {isa = PBXBuildFile; fileRef = A2348D8E10A05B76003CC54A /* RestaurantMap.xib */; };
		A2348D9710A05BE5003CC54A /* RestaurantMapController.m in Sources */ = {isa = PBXBuildFile; fileRef = A2348D9610A05BE5003CC54A /* RestaurantMapController.m */; };
		A236429413150CFC00B5CCDB /* large_button_highlighted.png in Resources */ = {isa = PBXBuildFile; fileRef = A236429013150CFC00B5CCDB /* large_button_highlighted.png */; };
		A236429513150CFC00B5CCDB /* large_button.png in Resources */ = {isa = PBXBuildFile; fileRef = A236429113150CFC00B5CCDB /* large_button.png */; };
		A236429613150CFC00B5CCDB /* small_button_highlighted.png in Resources */ = {isa = PBXBuildFile; fileRef = A236429213150CFC00B5CCDB /* small_button_highlighted.png */; };
		A236429713150CFC00B5CCDB /* small_button.png in Resources */ = {isa = PBXBuildFile; fileRef = A236429313150CFC00B5CCDB /* small_button.png */; };
		A271876310A829DC003C31C7 /* Reachability.m in Sources */ = {isa = PBXBuildFile; fileRef = A271876210A829DC003C31C7 /* Reachability.m */; };
		A271877710A82A62003C31C7 /* SystemConfiguration.framework in Frameworks */ = {isa = PBXBuildFile; fileRef = A271877610A82A62003C31C7 /* SystemConfiguration.framework */; };
		A27187BC10A8344B003C31C7 /* AboutController.m in Sources */ = {isa = PBXBuildFile; fileRef = A27187BB10A8344B003C31C7 /* AboutController.m */; };
		A27187CF10A8358A003C31C7 /* About.xib in Resources */ = {isa = PBXBuildFile; fileRef = A27187CE10A8358A003C31C7 /* About.xib */; };
		A27187FC10A8383D003C31C7 /* IconImage.png in Resources */ = {isa = PBXBuildFile; fileRef = A27187FB10A8383D003C31C7 /* IconImage.png */; };
		A271883F10A84BC5003C31C7 /* Icon.png in Resources */ = {isa = PBXBuildFile; fileRef = A271883E10A84BC5003C31C7 /* Icon.png */; };
		A271888410AAF3BC003C31C7 /* Default.png in Resources */ = {isa = PBXBuildFile; fileRef = A271888310AAF3BC003C31C7 /* Default.png */; };
		A2B86B2B1078BB600034BA03 /* Restaurants.xib in Resources */ = {isa = PBXBuildFile; fileRef = A2B86B2A1078BB600034BA03 /* Restaurants.xib */; };
		A2B86B2E1078BB720034BA03 /* RestaurantsController.m in Sources */ = {isa = PBXBuildFile; fileRef = A2B86B2D1078BB720034BA03 /* RestaurantsController.m */; };
		A2B86BAF1078CBA00034BA03 /* navigationbarbackground.png in Resources */ = {isa = PBXBuildFile; fileRef = A2B86BAE1078CBA00034BA03 /* navigationbarbackground.png */; };
		A2B86C251078D8F50034BA03 /* locateme.png in Resources */ = {isa = PBXBuildFile; fileRef = A2B86C241078D8F50034BA03 /* locateme.png */; };
		A2B86C391078E8920034BA03 /* RestaurantTableViewCell.m in Sources */ = {isa = PBXBuildFile; fileRef = A2B86C381078E8920034BA03 /* RestaurantTableViewCell.m */; };
		A2B86C3B1078E8FD0034BA03 /* RestaurantTableViewCell.xib in Resources */ = {isa = PBXBuildFile; fileRef = A2B86C3A1078E8FD0034BA03 /* RestaurantTableViewCell.xib */; };
		A2B86CBA107959670034BA03 /* Restaurant.m in Sources */ = {isa = PBXBuildFile; fileRef = A2B86CB9107959670034BA03 /* Restaurant.m */; };
		A2B86CEC1079604A0034BA03 /* RestaurantDetailsController.m in Sources */ = {isa = PBXBuildFile; fileRef = A2B86CEB1079604A0034BA03 /* RestaurantDetailsController.m */; };
		A2B86CEE107960880034BA03 /* RestaurantDetails.xib in Resources */ = {isa = PBXBuildFile; fileRef = A2B86CED107960880034BA03 /* RestaurantDetails.xib */; };
		A2B86DBB107A04360034BA03 /* RestaurantRepository.m in Sources */ = {isa = PBXBuildFile; fileRef = A2B86DBA107A04360034BA03 /* RestaurantRepository.m */; };
		A2B86DED107A07B50034BA03 /* Alphabet.m in Sources */ = {isa = PBXBuildFile; fileRef = A2B86DEC107A07B50034BA03 /* Alphabet.m */; };
		A2B86E10107A091A0034BA03 /* libsqlite3.dylib in Frameworks */ = {isa = PBXBuildFile; fileRef = A2B86E0F107A091A0034BA03 /* libsqlite3.dylib */; };
		A2BEE37E107F627E0078660A /* NSStringExtensions.m in Sources */ = {isa = PBXBuildFile; fileRef = A2BEE37D107F627E0078660A /* NSStringExtensions.m */; };
		A2C15DD110A0415900D6F8E9 /* glutenfreensw.sqlite in Resources */ = {isa = PBXBuildFile; fileRef = A2C15DD010A0415900D6F8E9 /* glutenfreensw.sqlite */; };
/* End PBXBuildFile section */

/* Begin PBXFileReference section */
		1D30AB110D05D00D00671497 /* Foundation.framework */ = {isa = PBXFileReference; lastKnownFileType = wrapper.framework; name = Foundation.framework; path = System/Library/Frameworks/Foundation.framework; sourceTree = SDKROOT; };
		1D3623240D0F684500981E51 /* GlutenFreeNSWAppDelegate.h */ = {isa = PBXFileReference; fileEncoding = 4; lastKnownFileType = sourcecode.c.h; path = GlutenFreeNSWAppDelegate.h; sourceTree = "<group>"; };
		1D3623250D0F684500981E51 /* GlutenFreeNSWAppDelegate.m */ = {isa = PBXFileReference; fileEncoding = 4; lastKnownFileType = sourcecode.c.objc; path = GlutenFreeNSWAppDelegate.m; sourceTree = "<group>"; };
		1D6058910D05DD3D006BFB54 /* GFNSW.app */ = {isa = PBXFileReference; explicitFileType = wrapper.application; includeInIndex = 0; path = GFNSW.app; sourceTree = BUILT_PRODUCTS_DIR; };
		1DF5F4DF0D08C38300B7A737 /* UIKit.framework */ = {isa = PBXFileReference; lastKnownFileType = wrapper.framework; name = UIKit.framework; path = System/Library/Frameworks/UIKit.framework; sourceTree = SDKROOT; };
		2892E40F0DC94CBA00A64D0F /* CoreGraphics.framework */ = {isa = PBXFileReference; lastKnownFileType = wrapper.framework; name = CoreGraphics.framework; path = System/Library/Frameworks/CoreGraphics.framework; sourceTree = SDKROOT; };
		28AD735F0D9D9599002E5188 /* MainWindow.xib */ = {isa = PBXFileReference; lastKnownFileType = file.xib; path = MainWindow.xib; sourceTree = "<group>"; };
		29B97316FDCFA39411CA2CEA /* main.m */ = {isa = PBXFileReference; fileEncoding = 4; lastKnownFileType = sourcecode.c.objc; path = main.m; sourceTree = "<group>"; };
		A22FCA8F130F32DD00FA6BCB /* GANTracker.h */ = {isa = PBXFileReference; fileEncoding = 4; lastKnownFileType = sourcecode.c.h; path = GANTracker.h; sourceTree = "<group>"; };
		A22FCA90130F32DD00FA6BCB /* libGoogleAnalytics.a */ = {isa = PBXFileReference; lastKnownFileType = archive.ar; path = libGoogleAnalytics.a; sourceTree = "<group>"; };
		A22FCAA8130F33F500FA6BCB /* CFNetwork.framework */ = {isa = PBXFileReference; lastKnownFileType = wrapper.framework; name = CFNetwork.framework; path = System/Library/Frameworks/CFNetwork.framework; sourceTree = SDKROOT; };
		A231B590107CC0B6003263C3 /* RetrieveGPSLocation.xib */ = {isa = PBXFileReference; lastKnownFileType = file.xib; path = RetrieveGPSLocation.xib; sourceTree = "<group>"; };
		A231B594107CC240003263C3 /* RetrieveGPSLocationController.h */ = {isa = PBXFileReference; fileEncoding = 4; lastKnownFileType = sourcecode.c.h; path = RetrieveGPSLocationController.h; sourceTree = "<group>"; };
		A231B595107CC240003263C3 /* RetrieveGPSLocationController.m */ = {isa = PBXFileReference; fileEncoding = 4; lastKnownFileType = sourcecode.c.objc; path = RetrieveGPSLocationController.m; sourceTree = "<group>"; };
		A231B61A107CCCE2003263C3 /* CoreLocation.framework */ = {isa = PBXFileReference; lastKnownFileType = wrapper.framework; name = CoreLocation.framework; path = System/Library/Frameworks/CoreLocation.framework; sourceTree = SDKROOT; };
		A231B661107CD030003263C3 /* MapKit.framework */ = {isa = PBXFileReference; lastKnownFileType = wrapper.framework; name = MapKit.framework; path = System/Library/Frameworks/MapKit.framework; sourceTree = SDKROOT; };
		A231B720107DE2EE003263C3 /* RetrieveGPSLocationControllerDelegate.h */ = {isa = PBXFileReference; fileEncoding = 4; lastKnownFileType = sourcecode.c.h; path = RetrieveGPSLocationControllerDelegate.h; sourceTree = "<group>"; };
		A231B7B4107DECA2003263C3 /* LocationRepository.h */ = {isa = PBXFileReference; fileEncoding = 4; lastKnownFileType = sourcecode.c.h; path = LocationRepository.h; sourceTree = "<group>"; };
		A231B7B5107DECA2003263C3 /* LocationRepository.m */ = {isa = PBXFileReference; fileEncoding = 4; lastKnownFileType = sourcecode.c.objc; path = LocationRepository.m; sourceTree = "<group>"; };
		A231B903107E13AB003263C3 /* MapList.xib */ = {isa = PBXFileReference; lastKnownFileType = file.xib; path = MapList.xib; sourceTree = "<group>"; };
		A231B907107E13FF003263C3 /* MapListController.h */ = {isa = PBXFileReference; fileEncoding = 4; lastKnownFileType = sourcecode.c.h; path = MapListController.h; sourceTree = "<group>"; };
		A231B908107E13FF003263C3 /* MapListController.m */ = {isa = PBXFileReference; fileEncoding = 4; lastKnownFileType = sourcecode.c.objc; path = MapListController.m; sourceTree = "<group>"; };
		A231B995107E1DC1003263C3 /* MapAnnotation.h */ = {isa = PBXFileReference; fileEncoding = 4; lastKnownFileType = sourcecode.c.h; path = MapAnnotation.h; sourceTree = "<group>"; };
		A231B996107E1DC1003263C3 /* MapAnnotation.m */ = {isa = PBXFileReference; fileEncoding = 4; lastKnownFileType = sourcecode.c.objc; path = MapAnnotation.m; sourceTree = "<group>"; };
		A2348D8E10A05B76003CC54A /* RestaurantMap.xib */ = {isa = PBXFileReference; lastKnownFileType = file.xib; path = RestaurantMap.xib; sourceTree = "<group>"; };
		A2348D9510A05BE5003CC54A /* RestaurantMapController.h */ = {isa = PBXFileReference; fileEncoding = 4; lastKnownFileType = sourcecode.c.h; path = RestaurantMapController.h; sourceTree = "<group>"; };
		A2348D9610A05BE5003CC54A /* RestaurantMapController.m */ = {isa = PBXFileReference; fileEncoding = 4; lastKnownFileType = sourcecode.c.objc; path = RestaurantMapController.m; sourceTree = "<group>"; };
		A236429013150CFC00B5CCDB /* large_button_highlighted.png */ = {isa = PBXFileReference; lastKnownFileType = image.png; path = large_button_highlighted.png; sourceTree = "<group>"; };
		A236429113150CFC00B5CCDB /* large_button.png */ = {isa = PBXFileReference; lastKnownFileType = image.png; path = large_button.png; sourceTree = "<group>"; };
		A236429213150CFC00B5CCDB /* small_button_highlighted.png */ = {isa = PBXFileReference; lastKnownFileType = image.png; path = small_button_highlighted.png; sourceTree = "<group>"; };
		A236429313150CFC00B5CCDB /* small_button.png */ = {isa = PBXFileReference; lastKnownFileType = image.png; path = small_button.png; sourceTree = "<group>"; };
		A271876110A829DC003C31C7 /* Reachability.h */ = {isa = PBXFileReference; fileEncoding = 4; lastKnownFileType = sourcecode.c.h; path = Reachability.h; sourceTree = "<group>"; };
		A271876210A829DC003C31C7 /* Reachability.m */ = {isa = PBXFileReference; fileEncoding = 4; lastKnownFileType = sourcecode.c.objc; path = Reachability.m; sourceTree = "<group>"; };
		A271877610A82A62003C31C7 /* SystemConfiguration.framework */ = {isa = PBXFileReference; lastKnownFileType = wrapper.framework; name = SystemConfiguration.framework; path = System/Library/Frameworks/SystemConfiguration.framework; sourceTree = SDKROOT; };
		A27187BA10A8344B003C31C7 /* AboutController.h */ = {isa = PBXFileReference; fileEncoding = 4; lastKnownFileType = sourcecode.c.h; path = AboutController.h; sourceTree = "<group>"; };
		A27187BB10A8344B003C31C7 /* AboutController.m */ = {isa = PBXFileReference; fileEncoding = 4; lastKnownFileType = sourcecode.c.objc; path = AboutController.m; sourceTree = "<group>"; };
		A27187CE10A8358A003C31C7 /* About.xib */ = {isa = PBXFileReference; lastKnownFileType = file.xib; path = About.xib; sourceTree = "<group>"; };
		A27187FB10A8383D003C31C7 /* IconImage.png */ = {isa = PBXFileReference; lastKnownFileType = image.png; path = IconImage.png; sourceTree = "<group>"; };
		A271883E10A84BC5003C31C7 /* Icon.png */ = {isa = PBXFileReference; lastKnownFileType = image.png; path = Icon.png; sourceTree = "<group>"; };
		A271888310AAF3BC003C31C7 /* Default.png */ = {isa = PBXFileReference; lastKnownFileType = image.png; path = Default.png; sourceTree = "<group>"; };
		A2B86B2A1078BB600034BA03 /* Restaurants.xib */ = {isa = PBXFileReference; lastKnownFileType = file.xib; path = Restaurants.xib; sourceTree = "<group>"; };
		A2B86B2C1078BB720034BA03 /* RestaurantsController.h */ = {isa = PBXFileReference; fileEncoding = 4; lastKnownFileType = sourcecode.c.h; path = RestaurantsController.h; sourceTree = "<group>"; };
		A2B86B2D1078BB720034BA03 /* RestaurantsController.m */ = {isa = PBXFileReference; fileEncoding = 4; lastKnownFileType = sourcecode.c.objc; path = RestaurantsController.m; sourceTree = "<group>"; };
		A2B86BAE1078CBA00034BA03 /* navigationbarbackground.png */ = {isa = PBXFileReference; lastKnownFileType = image.png; path = navigationbarbackground.png; sourceTree = "<group>"; };
		A2B86C241078D8F50034BA03 /* locateme.png */ = {isa = PBXFileReference; lastKnownFileType = image.png; path = locateme.png; sourceTree = "<group>"; };
		A2B86C371078E8920034BA03 /* RestaurantTableViewCell.h */ = {isa = PBXFileReference; fileEncoding = 4; lastKnownFileType = sourcecode.c.h; path = RestaurantTableViewCell.h; sourceTree = "<group>"; };
		A2B86C381078E8920034BA03 /* RestaurantTableViewCell.m */ = {isa = PBXFileReference; fileEncoding = 4; lastKnownFileType = sourcecode.c.objc; path = RestaurantTableViewCell.m; sourceTree = "<group>"; };
		A2B86C3A1078E8FD0034BA03 /* RestaurantTableViewCell.xib */ = {isa = PBXFileReference; lastKnownFileType = file.xib; path = RestaurantTableViewCell.xib; sourceTree = "<group>"; };
		A2B86CB8107959670034BA03 /* Restaurant.h */ = {isa = PBXFileReference; fileEncoding = 4; lastKnownFileType = sourcecode.c.h; path = Restaurant.h; sourceTree = "<group>"; };
		A2B86CB9107959670034BA03 /* Restaurant.m */ = {isa = PBXFileReference; fileEncoding = 4; lastKnownFileType = sourcecode.c.objc; path = Restaurant.m; sourceTree = "<group>"; };
		A2B86CEA1079604A0034BA03 /* RestaurantDetailsController.h */ = {isa = PBXFileReference; fileEncoding = 4; lastKnownFileType = sourcecode.c.h; path = RestaurantDetailsController.h; sourceTree = "<group>"; };
		A2B86CEB1079604A0034BA03 /* RestaurantDetailsController.m */ = {isa = PBXFileReference; fileEncoding = 4; lastKnownFileType = sourcecode.c.objc; path = RestaurantDetailsController.m; sourceTree = "<group>"; };
		A2B86CED107960880034BA03 /* RestaurantDetails.xib */ = {isa = PBXFileReference; lastKnownFileType = file.xib; path = RestaurantDetails.xib; sourceTree = "<group>"; };
		A2B86DB9107A04360034BA03 /* RestaurantRepository.h */ = {isa = PBXFileReference; fileEncoding = 4; lastKnownFileType = sourcecode.c.h; path = RestaurantRepository.h; sourceTree = "<group>"; };
		A2B86DBA107A04360034BA03 /* RestaurantRepository.m */ = {isa = PBXFileReference; fileEncoding = 4; lastKnownFileType = sourcecode.c.objc; path = RestaurantRepository.m; sourceTree = "<group>"; };
		A2B86DEB107A07B50034BA03 /* Alphabet.h */ = {isa = PBXFileReference; fileEncoding = 4; lastKnownFileType = sourcecode.c.h; path = Alphabet.h; sourceTree = "<group>"; };
		A2B86DEC107A07B50034BA03 /* Alphabet.m */ = {isa = PBXFileReference; fileEncoding = 4; lastKnownFileType = sourcecode.c.objc; path = Alphabet.m; sourceTree = "<group>"; };
		A2B86E0F107A091A0034BA03 /* libsqlite3.dylib */ = {isa = PBXFileReference; lastKnownFileType = "compiled.mach-o.dylib"; name = libsqlite3.dylib; path = usr/lib/libsqlite3.dylib; sourceTree = SDKROOT; };
		A2BEE37C107F627E0078660A /* NSStringExtensions.h */ = {isa = PBXFileReference; fileEncoding = 4; lastKnownFileType = sourcecode.c.h; path = NSStringExtensions.h; sourceTree = "<group>"; };
		A2BEE37D107F627E0078660A /* NSStringExtensions.m */ = {isa = PBXFileReference; fileEncoding = 4; lastKnownFileType = sourcecode.c.objc; path = NSStringExtensions.m; sourceTree = "<group>"; };
		A2C15DD010A0415900D6F8E9 /* glutenfreensw.sqlite */ = {isa = PBXFileReference; lastKnownFileType = file; path = glutenfreensw.sqlite; sourceTree = "<group>"; };
		A2C15DD210A0416600D6F8E9 /* GlutenFreeNSW-Info.plist */ = {isa = PBXFileReference; fileEncoding = 4; lastKnownFileType = text.plist.xml; path = "GlutenFreeNSW-Info.plist"; sourceTree = "<group>"; };
		A2C15DD410A0417700D6F8E9 /* GlutenFreeNSW_Prefix.pch */ = {isa = PBXFileReference; fileEncoding = 4; lastKnownFileType = sourcecode.c.h; path = GlutenFreeNSW_Prefix.pch; sourceTree = "<group>"; };
/* End PBXFileReference section */

/* Begin PBXFrameworksBuildPhase section */
		1D60588F0D05DD3D006BFB54 /* Frameworks */ = {
			isa = PBXFrameworksBuildPhase;
			buildActionMask = 2147483647;
			files = (
				1D60589F0D05DD5A006BFB54 /* Foundation.framework in Frameworks */,
				1DF5F4E00D08C38300B7A737 /* UIKit.framework in Frameworks */,
				2892E4100DC94CBA00A64D0F /* CoreGraphics.framework in Frameworks */,
				A2B86E10107A091A0034BA03 /* libsqlite3.dylib in Frameworks */,
				A231B61B107CCCE2003263C3 /* CoreLocation.framework in Frameworks */,
				A231B662107CD030003263C3 /* MapKit.framework in Frameworks */,
				A271877710A82A62003C31C7 /* SystemConfiguration.framework in Frameworks */,
				A22FCA91130F32DE00FA6BCB /* libGoogleAnalytics.a in Frameworks */,
				A22FCABF130F343100FA6BCB /* CFNetwork.framework in Frameworks */,
			);
			runOnlyForDeploymentPostprocessing = 0;
		};
/* End PBXFrameworksBuildPhase section */

/* Begin PBXGroup section */
		080E96DDFE201D6D7F000001 /* Classes */ = {
			isa = PBXGroup;
			children = (
				A22FCA8E130F32DD00FA6BCB /* GoogleAnalytics */,
				A2B86DBD107A04470034BA03 /* Controllers */,
				A2B86DBC107A043C0034BA03 /* Repository */,
				A2B86AB21078B5080034BA03 /* Domain */,
				1D3623240D0F684500981E51 /* GlutenFreeNSWAppDelegate.h */,
				1D3623250D0F684500981E51 /* GlutenFreeNSWAppDelegate.m */,
				A2B86C371078E8920034BA03 /* RestaurantTableViewCell.h */,
				A2B86C381078E8920034BA03 /* RestaurantTableViewCell.m */,
			);
			path = Classes;
			sourceTree = "<group>";
		};
		19C28FACFE9D520D11CA2CBB /* Products */ = {
			isa = PBXGroup;
			children = (
				1D6058910D05DD3D006BFB54 /* GFNSW.app */,
			);
			name = Products;
			sourceTree = "<group>";
		};
		29B97314FDCFA39411CA2CEA /* CustomTemplate */ = {
			isa = PBXGroup;
			children = (
				080E96DDFE201D6D7F000001 /* Classes */,
				29B97315FDCFA39411CA2CEA /* Other Sources */,
				29B97317FDCFA39411CA2CEA /* Resources */,
				29B97323FDCFA39411CA2CEA /* Frameworks */,
				19C28FACFE9D520D11CA2CBB /* Products */,
				A22FCAA8130F33F500FA6BCB /* CFNetwork.framework */,
			);
			name = CustomTemplate;
			sourceTree = "<group>";
		};
		29B97315FDCFA39411CA2CEA /* Other Sources */ = {
			isa = PBXGroup;
			children = (
				A2C15DD410A0417700D6F8E9 /* GlutenFreeNSW_Prefix.pch */,
				29B97316FDCFA39411CA2CEA /* main.m */,
			);
			name = "Other Sources";
			sourceTree = "<group>";
		};
		29B97317FDCFA39411CA2CEA /* Resources */ = {
			isa = PBXGroup;
			children = (
				A27187CE10A8358A003C31C7 /* About.xib */,
				A2C15DD210A0416600D6F8E9 /* GlutenFreeNSW-Info.plist */,
				A2C15DD010A0415900D6F8E9 /* glutenfreensw.sqlite */,
				A2B86BAA1078CB3B0034BA03 /* images */,
				28AD735F0D9D9599002E5188 /* MainWindow.xib */,
				A2B86B2A1078BB600034BA03 /* Restaurants.xib */,
				A2B86C3A1078E8FD0034BA03 /* RestaurantTableViewCell.xib */,
				A2B86CED107960880034BA03 /* RestaurantDetails.xib */,
				A231B590107CC0B6003263C3 /* RetrieveGPSLocation.xib */,
				A231B903107E13AB003263C3 /* MapList.xib */,
				A2348D8E10A05B76003CC54A /* RestaurantMap.xib */,
			);
			name = Resources;
			sourceTree = "<group>";
		};
		29B97323FDCFA39411CA2CEA /* Frameworks */ = {
			isa = PBXGroup;
			children = (
				A271877610A82A62003C31C7 /* SystemConfiguration.framework */,
				A231B661107CD030003263C3 /* MapKit.framework */,
				A231B61A107CCCE2003263C3 /* CoreLocation.framework */,
				A2B86E0F107A091A0034BA03 /* libsqlite3.dylib */,
				1DF5F4DF0D08C38300B7A737 /* UIKit.framework */,
				1D30AB110D05D00D00671497 /* Foundation.framework */,
				2892E40F0DC94CBA00A64D0F /* CoreGraphics.framework */,
			);
			name = Frameworks;
			sourceTree = "<group>";
		};
		A22FCA8E130F32DD00FA6BCB /* GoogleAnalytics */ = {
			isa = PBXGroup;
			children = (
				A22FCA8F130F32DD00FA6BCB /* GANTracker.h */,
				A22FCA90130F32DD00FA6BCB /* libGoogleAnalytics.a */,
			);
			path = GoogleAnalytics;
			sourceTree = "<group>";
		};
		A2B86AB21078B5080034BA03 /* Domain */ = {
			isa = PBXGroup;
			children = (
				A2B86CB8107959670034BA03 /* Restaurant.h */,
				A2B86CB9107959670034BA03 /* Restaurant.m */,
				A2B86DEB107A07B50034BA03 /* Alphabet.h */,
				A2B86DEC107A07B50034BA03 /* Alphabet.m */,
				A231B995107E1DC1003263C3 /* MapAnnotation.h */,
				A231B996107E1DC1003263C3 /* MapAnnotation.m */,
				A2BEE37C107F627E0078660A /* NSStringExtensions.h */,
				A2BEE37D107F627E0078660A /* NSStringExtensions.m */,
				A271876110A829DC003C31C7 /* Reachability.h */,
				A271876210A829DC003C31C7 /* Reachability.m */,
			);
			name = Domain;
			sourceTree = "<group>";
		};
		A2B86BAA1078CB3B0034BA03 /* images */ = {
			isa = PBXGroup;
			children = (
				A236429013150CFC00B5CCDB /* large_button_highlighted.png */,
				A236429113150CFC00B5CCDB /* large_button.png */,
				A236429213150CFC00B5CCDB /* small_button_highlighted.png */,
				A236429313150CFC00B5CCDB /* small_button.png */,
				A271888310AAF3BC003C31C7 /* Default.png */,
				A271883E10A84BC5003C31C7 /* Icon.png */,
				A27187FB10A8383D003C31C7 /* IconImage.png */,
				A2B86C241078D8F50034BA03 /* locateme.png */,
				A2B86BAE1078CBA00034BA03 /* navigationbarbackground.png */,
			);
			path = images;
			sourceTree = "<group>";
		};
		A2B86DBC107A043C0034BA03 /* Repository */ = {
			isa = PBXGroup;
			children = (
				A2B86DB9107A04360034BA03 /* RestaurantRepository.h */,
				A2B86DBA107A04360034BA03 /* RestaurantRepository.m */,
				A231B7B4107DECA2003263C3 /* LocationRepository.h */,
				A231B7B5107DECA2003263C3 /* LocationRepository.m */,
			);
			name = Repository;
			sourceTree = "<group>";
		};
		A2B86DBD107A04470034BA03 /* Controllers */ = {
			isa = PBXGroup;
			children = (
				A2B86CEA1079604A0034BA03 /* RestaurantDetailsController.h */,
				A2B86CEB1079604A0034BA03 /* RestaurantDetailsController.m */,
				A2B86B2C1078BB720034BA03 /* RestaurantsController.h */,
				A2B86B2D1078BB720034BA03 /* RestaurantsController.m */,
				A231B594107CC240003263C3 /* RetrieveGPSLocationController.h */,
				A231B595107CC240003263C3 /* RetrieveGPSLocationController.m */,
				A231B720107DE2EE003263C3 /* RetrieveGPSLocationControllerDelegate.h */,
				A231B907107E13FF003263C3 /* MapListController.h */,
				A231B908107E13FF003263C3 /* MapListController.m */,
				A2348D9510A05BE5003CC54A /* RestaurantMapController.h */,
				A2348D9610A05BE5003CC54A /* RestaurantMapController.m */,
				A27187BA10A8344B003C31C7 /* AboutController.h */,
				A27187BB10A8344B003C31C7 /* AboutController.m */,
			);
			name = Controllers;
			sourceTree = "<group>";
		};
/* End PBXGroup section */

/* Begin PBXNativeTarget section */
		1D6058900D05DD3D006BFB54 /* GlutenFreeNSW */ = {
			isa = PBXNativeTarget;
			buildConfigurationList = 1D6058960D05DD3E006BFB54 /* Build configuration list for PBXNativeTarget "GlutenFreeNSW" */;
			buildPhases = (
				1D60588D0D05DD3D006BFB54 /* Resources */,
				1D60588E0D05DD3D006BFB54 /* Sources */,
				1D60588F0D05DD3D006BFB54 /* Frameworks */,
			);
			buildRules = (
			);
			dependencies = (
			);
			name = GlutenFreeNSW;
			productName = GlutenFreeAustralia;
			productReference = 1D6058910D05DD3D006BFB54 /* GFNSW.app */;
			productType = "com.apple.product-type.application";
		};
/* End PBXNativeTarget section */

/* Begin PBXProject section */
		29B97313FDCFA39411CA2CEA /* Project object */ = {
			isa = PBXProject;
			buildConfigurationList = C01FCF4E08A954540054247B /* Build configuration list for PBXProject "GlutenFreeNSW" */;
			compatibilityVersion = "Xcode 3.1";
			developmentRegion = English;
			hasScannedForEncodings = 1;
			knownRegions = (
				English,
				Japanese,
				French,
				German,
				en,
			);
			mainGroup = 29B97314FDCFA39411CA2CEA /* CustomTemplate */;
			projectDirPath = "";
			projectRoot = "";
			targets = (
				1D6058900D05DD3D006BFB54 /* GlutenFreeNSW */,
			);
		};
/* End PBXProject section */

/* Begin PBXResourcesBuildPhase section */
		1D60588D0D05DD3D006BFB54 /* Resources */ = {
			isa = PBXResourcesBuildPhase;
			buildActionMask = 2147483647;
			files = (
				28AD73600D9D9599002E5188 /* MainWindow.xib in Resources */,
				A2B86B2B1078BB600034BA03 /* Restaurants.xib in Resources */,
				A2B86BAF1078CBA00034BA03 /* navigationbarbackground.png in Resources */,
				A2B86C251078D8F50034BA03 /* locateme.png in Resources */,
				A2B86C3B1078E8FD0034BA03 /* RestaurantTableViewCell.xib in Resources */,
				A2B86CEE107960880034BA03 /* RestaurantDetails.xib in Resources */,
				A231B591107CC0B6003263C3 /* RetrieveGPSLocation.xib in Resources */,
				A231B904107E13AB003263C3 /* MapList.xib in Resources */,
				A2C15DD110A0415900D6F8E9 /* glutenfreensw.sqlite in Resources */,
				A2348D8F10A05B76003CC54A /* RestaurantMap.xib in Resources */,
				A27187CF10A8358A003C31C7 /* About.xib in Resources */,
				A27187FC10A8383D003C31C7 /* IconImage.png in Resources */,
				A271883F10A84BC5003C31C7 /* Icon.png in Resources */,
				A271888410AAF3BC003C31C7 /* Default.png in Resources */,
				A236429413150CFC00B5CCDB /* large_button_highlighted.png in Resources */,
				A236429513150CFC00B5CCDB /* large_button.png in Resources */,
				A236429613150CFC00B5CCDB /* small_button_highlighted.png in Resources */,
				A236429713150CFC00B5CCDB /* small_button.png in Resources */,
			);
			runOnlyForDeploymentPostprocessing = 0;
		};
/* End PBXResourcesBuildPhase section */

/* Begin PBXSourcesBuildPhase section */
		1D60588E0D05DD3D006BFB54 /* Sources */ = {
			isa = PBXSourcesBuildPhase;
			buildActionMask = 2147483647;
			files = (
				1D60589B0D05DD56006BFB54 /* main.m in Sources */,
				1D3623260D0F684500981E51 /* GlutenFreeNSWAppDelegate.m in Sources */,
				A2B86B2E1078BB720034BA03 /* RestaurantsController.m in Sources */,
				A2B86C391078E8920034BA03 /* RestaurantTableViewCell.m in Sources */,
				A2B86CBA107959670034BA03 /* Restaurant.m in Sources */,
				A2B86CEC1079604A0034BA03 /* RestaurantDetailsController.m in Sources */,
				A2B86DBB107A04360034BA03 /* RestaurantRepository.m in Sources */,
				A2B86DED107A07B50034BA03 /* Alphabet.m in Sources */,
				A231B596107CC240003263C3 /* RetrieveGPSLocationController.m in Sources */,
				A231B7B6107DECA2003263C3 /* LocationRepository.m in Sources */,
				A231B909107E13FF003263C3 /* MapListController.m in Sources */,
				A231B997107E1DC1003263C3 /* MapAnnotation.m in Sources */,
				A2BEE37E107F627E0078660A /* NSStringExtensions.m in Sources */,
				A2348D9710A05BE5003CC54A /* RestaurantMapController.m in Sources */,
				A271876310A829DC003C31C7 /* Reachability.m in Sources */,
				A27187BC10A8344B003C31C7 /* AboutController.m in Sources */,
			);
			runOnlyForDeploymentPostprocessing = 0;
		};
/* End PBXSourcesBuildPhase section */

/* Begin XCBuildConfiguration section */
		1D6058940D05DD3E006BFB54 /* Debug */ = {
			isa = XCBuildConfiguration;
			buildSettings = {
				ALWAYS_SEARCH_USER_PATHS = NO;
				COPY_PHASE_STRIP = NO;
				GCC_DYNAMIC_NO_PIC = NO;
				GCC_OPTIMIZATION_LEVEL = 0;
				GCC_PRECOMPILE_PREFIX_HEADER = YES;
				GCC_PREFIX_HEADER = GlutenFreeNSW_Prefix.pch;
				GCC_TREAT_WARNINGS_AS_ERRORS = YES;
				INFOPLIST_FILE = "GlutenFreeNSW-Info.plist";
				LIBRARY_SEARCH_PATHS = (
					"$(inherited)",
					"\"$(SRCROOT)/Classes/GoogleAnalytics\"",
				);
				PRODUCT_NAME = GFNSW;
			};
			name = Debug;
		};
		1D6058950D05DD3E006BFB54 /* Release */ = {
			isa = XCBuildConfiguration;
			buildSettings = {
				ALWAYS_SEARCH_USER_PATHS = NO;
				COPY_PHASE_STRIP = YES;
				GCC_PRECOMPILE_PREFIX_HEADER = YES;
				GCC_PREFIX_HEADER = GlutenFreeNSW_Prefix.pch;
				GCC_TREAT_WARNINGS_AS_ERRORS = YES;
				INFOPLIST_FILE = "GlutenFreeNSW-Info.plist";
				LIBRARY_SEARCH_PATHS = (
					"$(inherited)",
					"\"$(SRCROOT)/Classes/GoogleAnalytics\"",
				);
				PRODUCT_NAME = GFNSW;
			};
			name = Release;
		};
		A2639DFF10BA991B00EEAA04 /* Distribution */ = {
			isa = XCBuildConfiguration;
			buildSettings = {
				ARCHS = "$(ARCHS_STANDARD_32_BIT)";
				"CODE_SIGN_IDENTITY[sdk=iphoneos*]" = "iPhone Developer";
				GCC_C_LANGUAGE_STANDARD = c99;
				GCC_WARN_ABOUT_RETURN_TYPE = YES;
				GCC_WARN_UNUSED_VARIABLE = YES;
				PREBINDING = NO;
				"PROVISIONING_PROFILE[sdk=iphoneos*]" = "";
				SDKROOT = iphoneos4.2;
			};
			name = Distribution;
		};
		A2639E0010BA991B00EEAA04 /* Distribution */ = {
			isa = XCBuildConfiguration;
			buildSettings = {
				ALWAYS_SEARCH_USER_PATHS = NO;
				COPY_PHASE_STRIP = YES;
				GCC_PRECOMPILE_PREFIX_HEADER = YES;
				GCC_PREFIX_HEADER = GlutenFreeNSW_Prefix.pch;
				GCC_TREAT_WARNINGS_AS_ERRORS = YES;
				INFOPLIST_FILE = "GlutenFreeNSW-Info.plist";
				LIBRARY_SEARCH_PATHS = (
					"$(inherited)",
					"\"$(SRCROOT)/Classes/GoogleAnalytics\"",
				);
				PRODUCT_NAME = GFNSW;
			};
			name = Distribution;
		};
		C01FCF4F08A954540054247B /* Debug */ = {
			isa = XCBuildConfiguration;
			buildSettings = {
				ARCHS = "$(ARCHS_STANDARD_32_BIT)";
				"CODE_SIGN_IDENTITY[sdk=iphoneos*]" = "iPhone Developer";
				GCC_C_LANGUAGE_STANDARD = c99;
				GCC_WARN_ABOUT_RETURN_TYPE = YES;
				GCC_WARN_UNUSED_VARIABLE = YES;
				PREBINDING = NO;
				"PROVISIONING_PROFILE[sdk=iphoneos*]" = "";
				SDKROOT = iphoneos4.2;
			};
			name = Debug;
		};
		C01FCF5008A954540054247B /* Release */ = {
			isa = XCBuildConfiguration;
			buildSettings = {
				ARCHS = "$(ARCHS_STANDARD_32_BIT)";
				"CODE_SIGN_IDENTITY[sdk=iphoneos*]" = "iPhone Developer";
				GCC_C_LANGUAGE_STANDARD = c99;
				GCC_WARN_ABOUT_RETURN_TYPE = YES;
				GCC_WARN_UNUSED_VARIABLE = YES;
				PREBINDING = NO;
				"PROVISIONING_PROFILE[sdk=iphoneos*]" = "";
				SDKROOT = iphoneos4.2;
			};
			name = Release;
		};
/* End XCBuildConfiguration section */

/* Begin XCConfigurationList section */
		1D6058960D05DD3E006BFB54 /* Build configuration list for PBXNativeTarget "GlutenFreeNSW" */ = {
			isa = XCConfigurationList;
			buildConfigurations = (
				1D6058940D05DD3E006BFB54 /* Debug */,
				1D6058950D05DD3E006BFB54 /* Release */,
				A2639E0010BA991B00EEAA04 /* Distribution */,
			);
			defaultConfigurationIsVisible = 0;
			defaultConfigurationName = Release;
		};
		C01FCF4E08A954540054247B /* Build configuration list for PBXProject "GlutenFreeNSW" */ = {
			isa = XCConfigurationList;
			buildConfigurations = (
				C01FCF4F08A954540054247B /* Debug */,
				C01FCF5008A954540054247B /* Release */,
				A2639DFF10BA991B00EEAA04 /* Distribution */,
			);
			defaultConfigurationIsVisible = 0;
			defaultConfigurationName = Release;
		};
/* End XCConfigurationList section */
	};
	rootObject = 29B97313FDCFA39411CA2CEA /* Project object */;
}
